
Microsoft Visual Studio Solution File, Format Version 12.00
# Visual Studio 2012
Project("{FAE04EC0-301F-11D3-BF4B-00C04F79EFBC}") = "MetaCreator_4.5", "MetaCreator\MetaCreator_4.5.csproj", "{EB4308D1-A3A9-409F-8AA7-DAC42DDCFF23}"
EndProject
Project("{FAE04EC0-301F-11D3-BF4B-00C04F79EFBC}") = "MSBuildWrapper_4.5", "MSBuildWrapper\MSBuildWrapper_4.5.csproj", "{3DC2D69C-14F9-4A97-B4B8-0CF6F1028CEF}"
EndProject
Project("{FAE04EC0-301F-11D3-BF4B-00C04F79EFBC}") = "MetaCreator UnitTest", "UnitTests\MetaCreator UnitTest\MetaCreator UnitTest.csproj", "{76D338B5-B6D6-4E5A-B68E-CA616C983537}"
EndProject
Project("{FAE04EC0-301F-11D3-BF4B-00C04F79EFBC}") = "NuGet.MetaCreator", "NuGet.MetaCreator\NuGet.MetaCreator.csproj", "{0451BAEF-DF2E-4B98-8644-94EE9415E389}"
EndProject
Project("{FAE04EC0-301F-11D3-BF4B-00C04F79EFBC}") = "ConsoleApplication_4.0", "ConsoleApplication\ConsoleApplication_4.0.csproj", "{891AAEFB-0FF7-4F30-A6DA-90BCABD70429}"
EndProject
Global
	GlobalSection(SolutionConfigurationPlatforms) = preSolution
		Debug|Any CPU = Debug|Any CPU
		Release|Any CPU = Release|Any CPU
	EndGlobalSection
	GlobalSection(ProjectConfigurationPlatforms) = postSolution
		{EB4308D1-A3A9-409F-8AA7-DAC42DDCFF23}.Debug|Any CPU.ActiveCfg = Debug|Any CPU
		{EB4308D1-A3A9-409F-8AA7-DAC42DDCFF23}.Debug|Any CPU.Build.0 = Debug|Any CPU
		{EB4308D1-A3A9-409F-8AA7-DAC42DDCFF23}.Release|Any CPU.ActiveCfg = Release|Any CPU
		{EB4308D1-A3A9-409F-8AA7-DAC42DDCFF23}.Release|Any CPU.Build.0 = Release|Any CPU
		{3DC2D69C-14F9-4A97-B4B8-0CF6F1028CEF}.Debug|Any CPU.ActiveCfg = Debug|Any CPU
		{3DC2D69C-14F9-4A97-B4B8-0CF6F1028CEF}.Debug|Any CPU.Build.0 = Debug|Any CPU
		{3DC2D69C-14F9-4A97-B4B8-0CF6F1028CEF}.Release|Any CPU.ActiveCfg = Release|Any CPU
		{3DC2D69C-14F9-4A97-B4B8-0CF6F1028CEF}.Release|Any CPU.Build.0 = Release|Any CPU
		{76D338B5-B6D6-4E5A-B68E-CA616C983537}.Debug|Any CPU.ActiveCfg = Debug|Any CPU
		{76D338B5-B6D6-4E5A-B68E-CA616C983537}.Debug|Any CPU.Build.0 = Debug|Any CPU
		{76D338B5-B6D6-4E5A-B68E-CA616C983537}.Release|Any CPU.ActiveCfg = Release|Any CPU
		{76D338B5-B6D6-4E5A-B68E-CA616C983537}.Release|Any CPU.Build.0 = Release|Any CPU
		{0451BAEF-DF2E-4B98-8644-94EE9415E389}.Debug|Any CPU.ActiveCfg = Debug|Any CPU
		{0451BAEF-DF2E-4B98-8644-94EE9415E389}.Release|Any CPU.ActiveCfg = Release|Any CPU
		{891AAEFB-0FF7-4F30-A6DA-90BCABD70429}.Debug|Any CPU.ActiveCfg = Debug|Any CPU
		{891AAEFB-0FF7-4F30-A6DA-90BCABD70429}.Debug|Any CPU.Build.0 = Debug|Any CPU
		{891AAEFB-0FF7-4F30-A6DA-90BCABD70429}.Release|Any CPU.ActiveCfg = Release|Any CPU
		{891AAEFB-0FF7-4F30-A6DA-90BCABD70429}.Release|Any CPU.Build.0 = Release|Any CPU
	EndGlobalSection
	GlobalSection(SolutionProperties) = preSolution
		HideSolutionNode = FALSE
	EndGlobalSection
EndGlobal
