
Microsoft Visual Studio Solution File, Format Version 10.00
# Visual Studio 2008
Project("{FAE04EC0-301F-11D3-BF4B-00C04F79EFBC}") = "SomeTestSolution", "SomeTestSolution\SomeTestSolution.csproj", "{E33E9087-EDE5-4820-92A1-B4D4D23D159F}"
EndProject
Project("{FAE04EC0-301F-11D3-BF4B-00C04F79EFBC}") = "SampleWithReferenceToMC", "SampleWithReferenceToMC\SampleWithReferenceToMC.csproj", "{1BA064E2-66E8-4689-8AB5-3BCF0A3451F9}"
EndProject
Global
	GlobalSection(SolutionConfigurationPlatforms) = preSolution
		Debug|Any CPU = Debug|Any CPU
		Release|Any CPU = Release|Any CPU
	EndGlobalSection
	GlobalSection(ProjectConfigurationPlatforms) = postSolution
		{E33E9087-EDE5-4820-92A1-B4D4D23D159F}.Debug|Any CPU.ActiveCfg = Debug|Any CPU
		{E33E9087-EDE5-4820-92A1-B4D4D23D159F}.Debug|Any CPU.Build.0 = Debug|Any CPU
		{E33E9087-EDE5-4820-92A1-B4D4D23D159F}.Release|Any CPU.ActiveCfg = Release|Any CPU
		{E33E9087-EDE5-4820-92A1-B4D4D23D159F}.Release|Any CPU.Build.0 = Release|Any CPU
		{1BA064E2-66E8-4689-8AB5-3BCF0A3451F9}.Debug|Any CPU.ActiveCfg = Debug|Any CPU
		{1BA064E2-66E8-4689-8AB5-3BCF0A3451F9}.Debug|Any CPU.Build.0 = Debug|Any CPU
		{1BA064E2-66E8-4689-8AB5-3BCF0A3451F9}.Release|Any CPU.ActiveCfg = Release|Any CPU
		{1BA064E2-66E8-4689-8AB5-3BCF0A3451F9}.Release|Any CPU.Build.0 = Release|Any CPU
	EndGlobalSection
	GlobalSection(SolutionProperties) = preSolution
		HideSolutionNode = FALSE
	EndGlobalSection
EndGlobal
